{
  "name": "dashboard-CI3",
  "lockfileVersion": 3,
  "requires": true,
  "packages": {
    "": {
      "dependencies": {
        "canvas-gauges": "^2.1.7-radial"
      }
    },
    "node_modules/canvas-gauges": {
      "version": "2.1.7-radial",
      "resolved": "https://registry.npmjs.org/canvas-gauges/-/canvas-gauges-2.1.7-radial.tgz",
      "integrity": "sha512-BtgLcptUQL9Q4WxiC2wSfKI209TZSVmSJtzrh7a0M26KvtYVqVpflenDKpmSQWZyrzFORPgCOXvsXYkudY5t1Q==",
      "license": "MIT"
    }
  }
}
